# THIS IS AN AUTOGENERATED FILE. DO NOT EDIT THIS FILE DIRECTLY.
# yarn lockfile v1


"@babel/helper-validator-identifier@^7.14.9":
  version "7.14.9"
  resolved "http://npm.dc.servyou-it.com/@babel%2fhelper-validator-identifier/-/helper-validator-identifier-7.14.9.tgz#6654d171b2024f6d8ee151bf2509699919131d48"
  integrity sha1-ZlTRcbICT22O4VG/JQlpmRkTHUg=

"@babel/parser@^7.1.0":
  version "7.15.5"
  resolved "http://npm.dc.servyou-it.com/@babel%2fparser/-/parser-7.15.5.tgz#d33a58ca69facc05b26adfe4abebfed56c1c2dac"
  integrity sha1-0zpYymn6zAWyat/kq+v+1WwcLaw=

"@babel/types@^7.0.0", "@babel/types@^7.3.0":
  version "7.15.4"
  resolved "http://npm.dc.servyou-it.com/@babel%2ftypes/-/types-7.15.4.tgz#74eeb86dbd6748d2741396557b9860e57fce0a0d"
  integrity sha1-dO64bb1nSNJ0E5ZVe5hg5X/OCg0=
  dependencies:
    "@babel/helper-validator-identifier" "^7.14.9"
    to-fast-properties "^2.0.0"

"@types/babel__core@^7.1.14":
  version "7.1.15"
  resolved "http://npm.dc.servyou-it.com/@types%2fbabel__core/-/babel__core-7.1.15.tgz#2ccfb1ad55a02c83f8e0ad327cbc332f55eb1024"
  integrity sha1-LM+xrVWgLIP44K0yfLwzL1XrECQ=
  dependencies:
    "@babel/parser" "^7.1.0"
    "@babel/types" "^7.0.0"
    "@types/babel__generator" "*"
    "@types/babel__template" "*"
    "@types/babel__traverse" "*"

"@types/babel__generator@*":
  version "7.6.3"
  resolved "http://npm.dc.servyou-it.com/@types%2fbabel__generator/-/babel__generator-7.6.3.tgz#f456b4b2ce79137f768aa130d2423d2f0ccfaba5"
  integrity sha1-9Fa0ss55E392iqEw0kI9LwzPq6U=
  dependencies:
    "@babel/types" "^7.0.0"

"@types/babel__template@*":
  version "7.4.1"
  resolved "http://npm.dc.servyou-it.com/@types%2fbabel__template/-/babel__template-7.4.1.tgz#3d1a48fd9d6c0edfd56f2ff578daed48f36c8969"
  integrity sha1-PRpI/Z1sDt/Vby/1eNrtSPNsiWk=
  dependencies:
    "@babel/parser" "^7.1.0"
    "@babel/types" "^7.0.0"

"@types/babel__traverse@*":
  version "7.14.2"
  resolved "http://npm.dc.servyou-it.com/@types%2fbabel__traverse/-/babel__traverse-7.14.2.tgz#ffcd470bbb3f8bf30481678fb5502278ca833a43"
  integrity sha1-/81HC7s/i/MEgWePtVAieMqDOkM=
  dependencies:
    "@babel/types" "^7.3.0"

camelize@^1.0.0:
  version "1.0.0"
  resolved "http://npm.dc.servyou-it.com/camelize/-/camelize-1.0.0.tgz#164a5483e630fa4321e5af07020e531831b2609b"
  integrity sha1-FkpUg+Yw+kMh5a8HAg5TGDGyYJs=

to-fast-properties@^2.0.0:
  version "2.0.0"
  resolved "http://npm.dc.servyou-it.com/to-fast-properties/-/to-fast-properties-2.0.0.tgz#dc5e698cbd079265bc73e0377681a4e4e83f616e"
  integrity sha1-3F5pjL0HkmW8c+A3doGk5Og/YW4=
