# THIS IS AN AUTOGENERATED FILE. DO NOT EDIT THIS FILE DIRECTLY.
# yarn lockfile v1


"@babel/code-frame@^7.0.0", "@babel/code-frame@^7.14.5":
  version "7.14.5"
  resolved "http://npm.dc.servyou-it.com/@babel%2fcode-frame/-/code-frame-7.14.5.tgz#23b08d740e83f49c5e59945fbf1b43e80bbf4edb"
  integrity sha1-I7CNdA6D9JxeWZRfvxtD6Au/Tts=
  dependencies:
    "@babel/highlight" "^7.14.5"

"@babel/generator@^7.15.4":
  version "7.15.4"
  resolved "http://npm.dc.servyou-it.com/@babel%2fgenerator/-/generator-7.15.4.tgz#85acb159a267ca6324f9793986991ee2022a05b0"
  integrity sha1-hayxWaJnymMk+Xk5hpke4gIqBbA=
  dependencies:
    "@babel/types" "^7.15.4"
    jsesc "^2.5.1"
    source-map "^0.5.0"

"@babel/helper-function-name@^7.15.4":
  version "7.15.4"
  resolved "http://npm.dc.servyou-it.com/@babel%2fhelper-function-name/-/helper-function-name-7.15.4.tgz#845744dafc4381a4a5fb6afa6c3d36f98a787ebc"
  integrity sha1-hFdE2vxDgaSl+2r6bD02+Yp4frw=
  dependencies:
    "@babel/helper-get-function-arity" "^7.15.4"
    "@babel/template" "^7.15.4"
    "@babel/types" "^7.15.4"

"@babel/helper-get-function-arity@^7.15.4":
  version "7.15.4"
  resolved "http://npm.dc.servyou-it.com/@babel%2fhelper-get-function-arity/-/helper-get-function-arity-7.15.4.tgz#098818934a137fce78b536a3e015864be1e2879b"
  integrity sha1-CYgYk0oTf854tTaj4BWGS+Hih5s=
  dependencies:
    "@babel/types" "^7.15.4"

"@babel/helper-hoist-variables@^7.15.4":
  version "7.15.4"
  resolved "http://npm.dc.servyou-it.com/@babel%2fhelper-hoist-variables/-/helper-hoist-variables-7.15.4.tgz#09993a3259c0e918f99d104261dfdfc033f178df"
  integrity sha1-CZk6MlnA6Rj5nRBCYd/fwDPxeN8=
  dependencies:
    "@babel/types" "^7.15.4"

"@babel/helper-split-export-declaration@^7.15.4":
  version "7.15.4"
  resolved "http://npm.dc.servyou-it.com/@babel%2fhelper-split-export-declaration/-/helper-split-export-declaration-7.15.4.tgz#aecab92dcdbef6a10aa3b62ab204b085f776e257"
  integrity sha1-rsq5Lc2+9qEKo7YqsgSwhfd24lc=
  dependencies:
    "@babel/types" "^7.15.4"

"@babel/helper-validator-identifier@^7.14.5", "@babel/helper-validator-identifier@^7.14.9":
  version "7.14.9"
  resolved "http://npm.dc.servyou-it.com/@babel%2fhelper-validator-identifier/-/helper-validator-identifier-7.14.9.tgz#6654d171b2024f6d8ee151bf2509699919131d48"
  integrity sha1-ZlTRcbICT22O4VG/JQlpmRkTHUg=

"@babel/highlight@^7.14.5":
  version "7.14.5"
  resolved "http://npm.dc.servyou-it.com/@babel%2fhighlight/-/highlight-7.14.5.tgz#6861a52f03966405001f6aa534a01a24d99e8cd9"
  integrity sha1-aGGlLwOWZAUAH2qlNKAaJNmejNk=
  dependencies:
    "@babel/helper-validator-identifier" "^7.14.5"
    chalk "^2.0.0"
    js-tokens "^4.0.0"

"@babel/parser@^7.15.4", "@babel/parser@^7.7.0":
  version "7.15.5"
  resolved "http://npm.dc.servyou-it.com/@babel%2fparser/-/parser-7.15.5.tgz#d33a58ca69facc05b26adfe4abebfed56c1c2dac"
  integrity sha1-0zpYymn6zAWyat/kq+v+1WwcLaw=

"@babel/template@^7.15.4":
  version "7.15.4"
  resolved "http://npm.dc.servyou-it.com/@babel%2ftemplate/-/template-7.15.4.tgz#51898d35dcf3faa670c4ee6afcfd517ee139f194"
  integrity sha1-UYmNNdzz+qZwxO5q/P1RfuE58ZQ=
  dependencies:
    "@babel/code-frame" "^7.14.5"
    "@babel/parser" "^7.15.4"
    "@babel/types" "^7.15.4"

"@babel/traverse@^7.7.0":
  version "7.15.4"
  resolved "http://npm.dc.servyou-it.com/@babel%2ftraverse/-/traverse-7.15.4.tgz#ff8510367a144bfbff552d9e18e28f3e2889c22d"
  integrity sha1-/4UQNnoUS/v/VS2eGOKPPiiJwi0=
  dependencies:
    "@babel/code-frame" "^7.14.5"
    "@babel/generator" "^7.15.4"
    "@babel/helper-function-name" "^7.15.4"
    "@babel/helper-hoist-variables" "^7.15.4"
    "@babel/helper-split-export-declaration" "^7.15.4"
    "@babel/parser" "^7.15.4"
    "@babel/types" "^7.15.4"
    debug "^4.1.0"
    globals "^11.1.0"

"@babel/types@^7.15.4", "@babel/types@^7.7.0":
  version "7.15.4"
  resolved "http://npm.dc.servyou-it.com/@babel%2ftypes/-/types-7.15.4.tgz#74eeb86dbd6748d2741396557b9860e57fce0a0d"
  integrity sha1-dO64bb1nSNJ0E5ZVe5hg5X/OCg0=
  dependencies:
    "@babel/helper-validator-identifier" "^7.14.9"
    to-fast-properties "^2.0.0"

"@nodelib/fs.scandir@2.1.5":
  version "2.1.5"
  resolved "http://npm.dc.servyou-it.com/@nodelib%2ffs.scandir/-/fs.scandir-2.1.5.tgz#7619c2eb21b25483f6d167548b4cfd5a7488c3d5"
  integrity sha1-dhnC6yGyVIP20WdUi0z9WnSIw9U=
  dependencies:
    "@nodelib/fs.stat" "2.0.5"
    run-parallel "^1.1.9"

"@nodelib/fs.stat@2.0.5", "@nodelib/fs.stat@^2.0.2":
  version "2.0.5"
  resolved "http://npm.dc.servyou-it.com/@nodelib%2ffs.stat/-/fs.stat-2.0.5.tgz#5bd262af94e9d25bd1e71b05deed44876a222e8b"
  integrity sha1-W9Jir5Tp0lvR5xsF3u1Eh2oiLos=

"@nodelib/fs.walk@^1.2.3":
  version "1.2.8"
  resolved "http://npm.dc.servyou-it.com/@nodelib%2ffs.walk/-/fs.walk-1.2.8.tgz#e95737e8bb6746ddedf69c556953494f196fe69a"
  integrity sha1-6Vc36LtnRt3t9pxVaVNJTxlv5po=
  dependencies:
    "@nodelib/fs.scandir" "2.1.5"
    fastq "^1.6.0"

"@typescript-eslint/parser@^4.15.1":
  version "4.30.0"
  resolved "http://npm.dc.servyou-it.com/@typescript-eslint%2fparser/-/parser-4.30.0.tgz#6abd720f66bd790f3e0e80c3be77180c8fcb192d"
  integrity sha1-ar1yD2a9eQ8+DoDDvncYDI/LGS0=
  dependencies:
    "@typescript-eslint/scope-manager" "4.30.0"
    "@typescript-eslint/types" "4.30.0"
    "@typescript-eslint/typescript-estree" "4.30.0"
    debug "^4.3.1"

"@typescript-eslint/scope-manager@4.30.0":
  version "4.30.0"
  resolved "http://npm.dc.servyou-it.com/@typescript-eslint%2fscope-manager/-/scope-manager-4.30.0.tgz#1a3ffbb385b1a06be85cd5165a22324f069a85ee"
  integrity sha1-Gj/7s4WxoGvoXNUWWiIyTwaahe4=
  dependencies:
    "@typescript-eslint/types" "4.30.0"
    "@typescript-eslint/visitor-keys" "4.30.0"

"@typescript-eslint/types@4.30.0":
  version "4.30.0"
  resolved "http://npm.dc.servyou-it.com/@typescript-eslint%2ftypes/-/types-4.30.0.tgz#fb9d9b0358426f18687fba82eb0b0f869780204f"
  integrity sha1-+52bA1hCbxhof7qC6wsPhpeAIE8=

"@typescript-eslint/typescript-estree@4.30.0":
  version "4.30.0"
  resolved "http://npm.dc.servyou-it.com/@typescript-eslint%2ftypescript-estree/-/typescript-estree-4.30.0.tgz#ae57833da72a753f4846cd3053758c771670c2ac"
  integrity sha1-rleDPacqdT9IRs0wU3WMdxZwwqw=
  dependencies:
    "@typescript-eslint/types" "4.30.0"
    "@typescript-eslint/visitor-keys" "4.30.0"
    debug "^4.3.1"
    globby "^11.0.3"
    is-glob "^4.0.1"
    semver "^7.3.5"
    tsutils "^3.21.0"

"@typescript-eslint/visitor-keys@4.30.0":
  version "4.30.0"
  resolved "http://npm.dc.servyou-it.com/@typescript-eslint%2fvisitor-keys/-/visitor-keys-4.30.0.tgz#a47c6272fc71b0c627d1691f68eaecf4ad71445e"
  integrity sha1-pHxicvxxsMYn0WkfaOrs9K1xRF4=
  dependencies:
    "@typescript-eslint/types" "4.30.0"
    eslint-visitor-keys "^2.0.0"

ansi-styles@^3.2.1:
  version "3.2.1"
  resolved "http://npm.dc.servyou-it.com/ansi-styles/-/ansi-styles-3.2.1.tgz#41fbb20243e50b12be0f04b8dedbf07520ce841d"
  integrity sha512-VT0ZI6kZRdTh8YyJw3SMbYm/u+NqfsAxEpWO0Pf9sq8/e94WxxOpPKx9FR1FlyCtOVDNOQ+8ntlqFxiRc+r5qA==
  dependencies:
    color-convert "^1.9.0"

array-union@^2.1.0:
  version "2.1.0"
  resolved "http://npm.dc.servyou-it.com/array-union/-/array-union-2.1.0.tgz#b798420adbeb1de828d84acd8a2e23d3efe85e8d"
  integrity sha1-t5hCCtvrHego2ErNii4j0+/oXo0=

babel-eslint@^10.0.0:
  version "10.1.0"
  resolved "http://npm.dc.servyou-it.com/babel-eslint/-/babel-eslint-10.1.0.tgz#6968e568a910b78fb3779cdd8b6ac2f479943232"
  integrity sha1-aWjlaKkQt4+zd5zdi2rC9HmUMjI=
  dependencies:
    "@babel/code-frame" "^7.0.0"
    "@babel/parser" "^7.7.0"
    "@babel/traverse" "^7.7.0"
    "@babel/types" "^7.7.0"
    eslint-visitor-keys "^1.0.0"
    resolve "^1.12.0"

braces@^3.0.1:
  version "3.0.2"
  resolved "http://npm.dc.servyou-it.com/braces/-/braces-3.0.2.tgz#3454e1a462ee8d599e236df336cd9ea4f8afe107"
  integrity sha1-NFThpGLujVmeI23zNs2epPiv4Qc=
  dependencies:
    fill-range "^7.0.1"

chalk@^2.0.0:
  version "2.4.2"
  resolved "http://npm.dc.servyou-it.com/chalk/-/chalk-2.4.2.tgz#cd42541677a54333cf541a49108c1432b44c9424"
  integrity sha512-Mti+f9lpJNcwF4tWV8/OrTTtF1gZi+f8FqlyAdouralcFWFQWF2+NgCHShjkCb+IFBLq9buZwE1xckQU4peSuQ==
  dependencies:
    ansi-styles "^3.2.1"
    escape-string-regexp "^1.0.5"
    supports-color "^5.3.0"

color-convert@^1.9.0:
  version "1.9.3"
  resolved "http://npm.dc.servyou-it.com/color-convert/-/color-convert-1.9.3.tgz#bb71850690e1f136567de629d2d5471deda4c1e8"
  integrity sha512-QfAUtd+vFdAtFQcC8CCyYt1fYWxSqAiK2cSD6zDB8N3cpsEBAvRxp9zOGg6G/SHHJYAT88/az/IuDGALsNVbGg==
  dependencies:
    color-name "1.1.3"

color-name@1.1.3:
  version "1.1.3"
  resolved "http://npm.dc.servyou-it.com/color-name/-/color-name-1.1.3.tgz#a7d0558bd89c42f795dd42328f740831ca53bc25"
  integrity sha1-p9BVi9icQveV3UIyj3QIMcpTvCU=

debug@^4.1.0, debug@^4.3.1:
  version "4.3.2"
  resolved "http://npm.dc.servyou-it.com/debug/-/debug-4.3.2.tgz#f0a49c18ac8779e31d4a0c6029dfb76873c7428b"
  integrity sha1-8KScGKyHeeMdSgxgKd+3aHPHQos=
  dependencies:
    ms "2.1.2"

dir-glob@^3.0.1:
  version "3.0.1"
  resolved "http://npm.dc.servyou-it.com/dir-glob/-/dir-glob-3.0.1.tgz#56dbf73d992a4a93ba1584f4534063fd2e41717f"
  integrity sha1-Vtv3PZkqSpO6FYT0U0Bj/S5BcX8=
  dependencies:
    path-type "^4.0.0"

escape-string-regexp@^1.0.5:
  version "1.0.5"
  resolved "http://npm.dc.servyou-it.com/escape-string-regexp/-/escape-string-regexp-1.0.5.tgz#1b61c0562190a8dff6ae3bb2cf0200ca130b86d4"
  integrity sha1-G2HAViGQqN/2rjuyzwIAyhMLhtQ=

eslint-visitor-keys@^1.0.0:
  version "1.3.0"
  resolved "http://npm.dc.servyou-it.com/eslint-visitor-keys/-/eslint-visitor-keys-1.3.0.tgz#30ebd1ef7c2fdff01c3a4f151044af25fab0523e"
  integrity sha1-MOvR73wv3/AcOk8VEESvJfqwUj4=

eslint-visitor-keys@^2.0.0:
  version "2.1.0"
  resolved "http://npm.dc.servyou-it.com/eslint-visitor-keys/-/eslint-visitor-keys-2.1.0.tgz#f65328259305927392c938ed44eb0a5c9b2bd303"
  integrity sha1-9lMoJZMFknOSyTjtROsKXJsr0wM=

fast-glob@^3.1.1:
  version "3.2.7"
  resolved "http://npm.dc.servyou-it.com/fast-glob/-/fast-glob-3.2.7.tgz#fd6cb7a2d7e9aa7a7846111e85a196d6b2f766a1"
  integrity sha1-/Wy3otfpqnp4RhEehaGW1rL3ZqE=
  dependencies:
    "@nodelib/fs.stat" "^2.0.2"
    "@nodelib/fs.walk" "^1.2.3"
    glob-parent "^5.1.2"
    merge2 "^1.3.0"
    micromatch "^4.0.4"

fastq@^1.6.0:
  version "1.12.0"
  resolved "http://npm.dc.servyou-it.com/fastq/-/fastq-1.12.0.tgz#ed7b6ab5d62393fb2cc591c853652a5c318bf794"
  integrity sha1-7XtqtdYjk/ssxZHIU2UqXDGL95Q=
  dependencies:
    reusify "^1.0.4"

fill-range@^7.0.1:
  version "7.0.1"
  resolved "http://npm.dc.servyou-it.com/fill-range/-/fill-range-7.0.1.tgz#1919a6a7c75fe38b2c7c77e5198535da9acdda40"
  integrity sha1-GRmmp8df44ssfHflGYU12prN2kA=
  dependencies:
    to-regex-range "^5.0.1"

function-bind@^1.1.1:
  version "1.1.1"
  resolved "http://npm.dc.servyou-it.com/function-bind/-/function-bind-1.1.1.tgz#a56899d3ea3c9bab874bb9773b7c5ede92f4895d"
  integrity sha512-yIovAzMX49sF8Yl58fSCWJ5svSLuaibPxXQJFLmBObTuCr0Mf1KiPopGM9NiFjiYBCbfaa2Fh6breQ6ANVTI0A==

glob-parent@^5.1.2:
  version "5.1.2"
  resolved "http://npm.dc.servyou-it.com/glob-parent/-/glob-parent-5.1.2.tgz#869832c58034fe68a4093c17dc15e8340d8401c4"
  integrity sha1-hpgyxYA0/mikCTwX3BXoNA2EAcQ=
  dependencies:
    is-glob "^4.0.1"

globals@^11.1.0:
  version "11.12.0"
  resolved "http://npm.dc.servyou-it.com/globals/-/globals-11.12.0.tgz#ab8795338868a0babd8525758018c2a7eb95c42e"
  integrity sha1-q4eVM4hooLq9hSV1gBjCp+uVxC4=

globby@^11.0.3:
  version "11.0.4"
  resolved "http://npm.dc.servyou-it.com/globby/-/globby-11.0.4.tgz#2cbaff77c2f2a62e71e9b2813a67b97a3a3001a5"
  integrity sha1-LLr/d8Lypi5x6bKBOme5ejowAaU=
  dependencies:
    array-union "^2.1.0"
    dir-glob "^3.0.1"
    fast-glob "^3.1.1"
    ignore "^5.1.4"
    merge2 "^1.3.0"
    slash "^3.0.0"

has-flag@^3.0.0:
  version "3.0.0"
  resolved "http://npm.dc.servyou-it.com/has-flag/-/has-flag-3.0.0.tgz#b5d454dc2199ae225699f3467e5a07f3b955bafd"
  integrity sha1-tdRU3CGZriJWmfNGfloH87lVuv0=

has@^1.0.3:
  version "1.0.3"
  resolved "http://npm.dc.servyou-it.com/has/-/has-1.0.3.tgz#722d7cbfc1f6aa8241f16dd814e011e1f41e8796"
  integrity sha512-f2dvO0VU6Oej7RkWJGrehjbzMAjFp5/VKPp5tTpWIV4JHHZK1/BxbFRtf/siA2SWTe09caDmVtYYzWEIbBS4zw==
  dependencies:
    function-bind "^1.1.1"

ignore@^5.1.4:
  version "5.1.8"
  resolved "http://npm.dc.servyou-it.com/ignore/-/ignore-5.1.8.tgz#f150a8b50a34289b33e22f5889abd4d8016f0e57"
  integrity sha1-8VCotQo0KJsz4i9YiavU2AFvDlc=

is-core-module@^2.2.0:
  version "2.6.0"
  resolved "http://npm.dc.servyou-it.com/is-core-module/-/is-core-module-2.6.0.tgz#d7553b2526fe59b92ba3e40c8df757ec8a709e19"
  integrity sha1-11U7JSb+Wbkro+QMjfdX7Ipwnhk=
  dependencies:
    has "^1.0.3"

is-extglob@^2.1.1:
  version "2.1.1"
  resolved "http://npm.dc.servyou-it.com/is-extglob/-/is-extglob-2.1.1.tgz#a88c02535791f02ed37c76a1b9ea9773c833f8c2"
  integrity sha1-qIwCU1eR8C7TfHahueqXc8gz+MI=

is-glob@^4.0.1:
  version "4.0.1"
  resolved "http://npm.dc.servyou-it.com/is-glob/-/is-glob-4.0.1.tgz#7567dbe9f2f5e2467bc77ab83c4a29482407a5dc"
  integrity sha1-dWfb6fL14kZ7x3q4PEopSCQHpdw=
  dependencies:
    is-extglob "^2.1.1"

is-number@^7.0.0:
  version "7.0.0"
  resolved "http://npm.dc.servyou-it.com/is-number/-/is-number-7.0.0.tgz#7535345b896734d5f80c4d06c50955527a14f12b"
  integrity sha512-41Cifkg6e8TylSpdtTpeLVMqvSBEVzTttHvERD741+pnZ8ANv0004MRL43QKPDlK9cGvNp6NZWZUBlbGXYxxng==

js-tokens@^4.0.0:
  version "4.0.0"
  resolved "http://npm.dc.servyou-it.com/js-tokens/-/js-tokens-4.0.0.tgz#19203fb59991df98e3a287050d4647cdeaf32499"
  integrity sha512-RdJUflcE3cUzKiMqQgsCu06FPu9UdIJO0beYbPhHN4k6apgJtifcoCtT9bcxOpYBtpD2kCM6Sbzg4CausW/PKQ==

jsesc@^2.5.1:
  version "2.5.2"
  resolved "http://npm.dc.servyou-it.com/jsesc/-/jsesc-2.5.2.tgz#80564d2e483dacf6e8ef209650a67df3f0c283a4"
  integrity sha512-OYu7XEzjkCQ3C5Ps3QIZsQfNpqoJyZZA99wd9aWd05NCtC5pWOkShK2mkL6HXQR6/Cy2lbNdPlZBpuQHXE63gA==

lru-cache@^6.0.0:
  version "6.0.0"
  resolved "http://npm.dc.servyou-it.com/lru-cache/-/lru-cache-6.0.0.tgz#6d6fe6570ebd96aaf90fcad1dafa3b2566db3a94"
  integrity sha1-bW/mVw69lqr5D8rR2vo7JWbbOpQ=
  dependencies:
    yallist "^4.0.0"

merge2@^1.3.0:
  version "1.4.1"
  resolved "http://npm.dc.servyou-it.com/merge2/-/merge2-1.4.1.tgz#4368892f885e907455a6fd7dc55c0c9d404990ae"
  integrity sha1-Q2iJL4hekHRVpv19xVwMnUBJkK4=

micromatch@^4.0.4:
  version "4.0.4"
  resolved "http://npm.dc.servyou-it.com/micromatch/-/micromatch-4.0.4.tgz#896d519dfe9db25fce94ceb7a500919bf881ebf9"
  integrity sha1-iW1Rnf6dsl/OlM63pQCRm/iB6/k=
  dependencies:
    braces "^3.0.1"
    picomatch "^2.2.3"

ms@2.1.2:
  version "2.1.2"
  resolved "http://npm.dc.servyou-it.com/ms/-/ms-2.1.2.tgz#d09d1f357b443f493382a8eb3ccd183872ae6009"
  integrity sha1-0J0fNXtEP0kzgqjrPM0YOHKuYAk=

path-parse@^1.0.6:
  version "1.0.7"
  resolved "http://npm.dc.servyou-it.com/path-parse/-/path-parse-1.0.7.tgz#fbc114b60ca42b30d9daf5858e4bd68bbedb6735"
  integrity sha1-+8EUtgykKzDZ2vWFjkvWi77bZzU=

path-type@^4.0.0:
  version "4.0.0"
  resolved "http://npm.dc.servyou-it.com/path-type/-/path-type-4.0.0.tgz#84ed01c0a7ba380afe09d90a8c180dcd9d03043b"
  integrity sha1-hO0BwKe6OAr+CdkKjBgNzZ0DBDs=

picomatch@^2.2.3:
  version "2.3.0"
  resolved "http://npm.dc.servyou-it.com/picomatch/-/picomatch-2.3.0.tgz#f1f061de8f6a4bf022892e2d128234fb98302972"
  integrity sha1-8fBh3o9qS/AiiS4tEoI0+5gwKXI=

queue-microtask@^1.2.2:
  version "1.2.3"
  resolved "http://npm.dc.servyou-it.com/queue-microtask/-/queue-microtask-1.2.3.tgz#4929228bbc724dfac43e0efb058caf7b6cfb6243"
  integrity sha1-SSkii7xyTfrEPg77BYyve2z7YkM=

resolve@^1.12.0:
  version "1.20.0"
  resolved "http://npm.dc.servyou-it.com/resolve/-/resolve-1.20.0.tgz#629a013fb3f70755d6f0b7935cc1c2c5378b1975"
  integrity sha1-YpoBP7P3B1XW8LeTXMHCxTeLGXU=
  dependencies:
    is-core-module "^2.2.0"
    path-parse "^1.0.6"

reusify@^1.0.4:
  version "1.0.4"
  resolved "http://npm.dc.servyou-it.com/reusify/-/reusify-1.0.4.tgz#90da382b1e126efc02146e90845a88db12925d76"
  integrity sha1-kNo4Kx4SbvwCFG6QhFqI2xKSXXY=

run-parallel@^1.1.9:
  version "1.2.0"
  resolved "http://npm.dc.servyou-it.com/run-parallel/-/run-parallel-1.2.0.tgz#66d1368da7bdf921eb9d95bd1a9229e7f21a43ee"
  integrity sha1-ZtE2jae9+SHrnZW9GpIp5/IaQ+4=
  dependencies:
    queue-microtask "^1.2.2"

semver@^7.3.5:
  version "7.3.5"
  resolved "http://npm.dc.servyou-it.com/semver/-/semver-7.3.5.tgz#0b621c879348d8998e4b0e4be94b3f12e6018ef7"
  integrity sha1-C2Ich5NI2JmOSw5L6Us/EuYBjvc=
  dependencies:
    lru-cache "^6.0.0"

slash@^3.0.0:
  version "3.0.0"
  resolved "http://npm.dc.servyou-it.com/slash/-/slash-3.0.0.tgz#6539be870c165adbd5240220dbe361f1bc4d4634"
  integrity sha1-ZTm+hwwWWtvVJAIg2+Nh8bxNRjQ=

source-map@^0.5.0:
  version "0.5.7"
  resolved "http://npm.dc.servyou-it.com/source-map/-/source-map-0.5.7.tgz#8a039d2d1021d22d1ea14c80d8ea468ba2ef3fcc"
  integrity sha1-igOdLRAh0i0eoUyA2OpGi6LvP8w=

supports-color@^5.3.0:
  version "5.5.0"
  resolved "http://npm.dc.servyou-it.com/supports-color/-/supports-color-5.5.0.tgz#e2e69a44ac8772f78a1ec0b35b689df6530efc8f"
  integrity sha512-QjVjwdXIt408MIiAqCX4oUKsgU2EqAGzs2Ppkm4aQYbjm+ZEWEcW4SfFNTr4uMNZma0ey4f5lgLrkB0aX0QMow==
  dependencies:
    has-flag "^3.0.0"

to-fast-properties@^2.0.0:
  version "2.0.0"
  resolved "http://npm.dc.servyou-it.com/to-fast-properties/-/to-fast-properties-2.0.0.tgz#dc5e698cbd079265bc73e0377681a4e4e83f616e"
  integrity sha1-3F5pjL0HkmW8c+A3doGk5Og/YW4=

to-regex-range@^5.0.1:
  version "5.0.1"
  resolved "http://npm.dc.servyou-it.com/to-regex-range/-/to-regex-range-5.0.1.tgz#1648c44aae7c8d988a326018ed72f5b4dd0392e4"
  integrity sha1-FkjESq58jZiKMmAY7XL1tN0DkuQ=
  dependencies:
    is-number "^7.0.0"

tslib@^1.8.1:
  version "1.14.1"
  resolved "http://npm.dc.servyou-it.com/tslib/-/tslib-1.14.1.tgz#cf2d38bdc34a134bcaf1091c41f6619e2f672d00"
  integrity sha1-zy04vcNKE0vK8QkcQfZhni9nLQA=

tsutils@^3.21.0:
  version "3.21.0"
  resolved "http://npm.dc.servyou-it.com/tsutils/-/tsutils-3.21.0.tgz#b48717d394cea6c1e096983eed58e9d61715b623"
  integrity sha1-tIcX05TOpsHglpg+7Vjp1hcVtiM=
  dependencies:
    tslib "^1.8.1"

yallist@^4.0.0:
  version "4.0.0"
  resolved "http://npm.dc.servyou-it.com/yallist/-/yallist-4.0.0.tgz#9bb92790d9c0effec63be73519e11a35019a3a72"
  integrity sha1-m7knkNnA7/7GO+c1GeEaNQGaOnI=
