# THIS IS AN AUTOGENERATED FILE. DO NOT EDIT THIS FILE DIRECTLY.
# yarn lockfile v1


"@types/prop-types@*":
  version "15.7.4"
  resolved "http://npm.dc.servyou-it.com/@types%2fprop-types/-/prop-types-15.7.4.tgz#fcf7205c25dff795ee79af1e30da2c9790808f11"
  integrity sha1-/PcgXCXf95Xuea8eMNosl5CAjxE=

"@types/react-native@0.64.10":
  version "0.64.10"
  resolved "http://npm.dc.servyou-it.com/@types%2freact-native/-/react-native-0.64.10.tgz#5eb6a72c77ce0f7e6e14b19c61a6bc585975eef5"
  integrity sha1-XranLHfOD35uFLGcYaa8WFl17vU=
  dependencies:
    "@types/react" "*"

"@types/react@*", "@types/react@17.0.11":
  version "17.0.11"
  resolved "http://npm.dc.servyou-it.com/@types%2freact/-/react-17.0.11.tgz#67fcd0ddbf5a0b083a0f94e926c7d63f3b836451"
  integrity sha1-Z/zQ3b9aCwg6D5TpJsfWPzuDZFE=
  dependencies:
    "@types/prop-types" "*"
    "@types/scheduler" "*"
    csstype "^3.0.2"

"@types/scheduler@*":
  version "0.16.2"
  resolved "http://npm.dc.servyou-it.com/@types%2fscheduler/-/scheduler-0.16.2.tgz#1a62f89525723dde24ba1b01b092bf5df8ad4d39"
  integrity sha1-GmL4lSVyPd4kuhsBsJK/XfitTTk=

csstype@^3.0.2:
  version "3.0.8"
  resolved "http://npm.dc.servyou-it.com/csstype/-/csstype-3.0.8.tgz#d2266a792729fb227cd216fb572f43728e1ad340"
  integrity sha1-0iZqeScp+yJ80hb7Vy9Dco4a00A=
