# THIS IS AN AUTOGENERATED FILE. DO NOT EDIT THIS FILE DIRECTLY.
# yarn lockfile v1


react-native-known-styling-properties@^1.0.4:
  version "1.1.0"
  resolved "http://npm.dc.servyou-it.com/react-native-known-styling-properties/-/react-native-known-styling-properties-1.1.0.tgz#04e961be62bfff64753b7fbbfb5d50af2f0e4421"
  integrity sha1-BOlhvmK//2R1O3+7+11Qry8ORCE=
